
Microsoft Visual Studio Solution File, Format Version 12.00
# Visual Studio Version 16
VisualStudioVersion = 16.0.32002.261
MinimumVisualStudioVersion = 10.0.40219.1
Project("{9A19103F-16F7-4668-BE54-9A1E7A4F7556}") = "ViaCepAPI", "ViaCepAPI\ViaCepAPI.csproj", "{CEB6F778-60BF-4302-B53A-96EA1F1933EB}"
EndProject
Project("{9A19103F-16F7-4668-BE54-9A1E7A4F7556}") = "ViaCepView", "ViaCepView\ViaCepView.csproj", "{8744C0B4-CE88-4806-9A4D-026C17E53EED}"
EndProject
Global
	GlobalSection(SolutionConfigurationPlatforms) = preSolution
		Debug|Any CPU = Debug|Any CPU
		Release|Any CPU = Release|Any CPU
	EndGlobalSection
	GlobalSection(ProjectConfigurationPlatforms) = postSolution
		{CEB6F778-60BF-4302-B53A-96EA1F1933EB}.Debug|Any CPU.ActiveCfg = Debug|Any CPU
		{CEB6F778-60BF-4302-B53A-96EA1F1933EB}.Debug|Any CPU.Build.0 = Debug|Any CPU
		{CEB6F778-60BF-4302-B53A-96EA1F1933EB}.Release|Any CPU.ActiveCfg = Release|Any CPU
		{CEB6F778-60BF-4302-B53A-96EA1F1933EB}.Release|Any CPU.Build.0 = Release|Any CPU
		{8744C0B4-CE88-4806-9A4D-026C17E53EED}.Debug|Any CPU.ActiveCfg = Debug|Any CPU
		{8744C0B4-CE88-4806-9A4D-026C17E53EED}.Debug|Any CPU.Build.0 = Debug|Any CPU
		{8744C0B4-CE88-4806-9A4D-026C17E53EED}.Release|Any CPU.ActiveCfg = Release|Any CPU
		{8744C0B4-CE88-4806-9A4D-026C17E53EED}.Release|Any CPU.Build.0 = Release|Any CPU
	EndGlobalSection
	GlobalSection(SolutionProperties) = preSolution
		HideSolutionNode = FALSE
	EndGlobalSection
	GlobalSection(ExtensibilityGlobals) = postSolution
		SolutionGuid = {E5C06486-F541-42AB-8187-47E60B20638F}
	EndGlobalSection
EndGlobal
